
Microsoft Visual Studio Solution File, Format Version 12.00
# Visual Studio 15
VisualStudioVersion = 15.0.27130.2010
MinimumVisualStudioVersion = 10.0.40219.1
Project("{FAE04EC0-301F-11D3-BF4B-00C04F79EFBC}") = "ESpeakWrapper", "ESpeakWrapper\ESpeakWrapper.csproj", "{4DB65BC4-18DF-4B5D-B0C1-AD88E5DA3811}"
EndProject
Global
	GlobalSection(SolutionConfigurationPlatforms) = preSolution
		Debug|Any CPU = Debug|Any CPU
		Release|Any CPU = Release|Any CPU
	EndGlobalSection
	GlobalSection(ProjectConfigurationPlatforms) = postSolution
		{4DB65BC4-18DF-4B5D-B0C1-AD88E5DA3811}.Debug|Any CPU.ActiveCfg = Debug|Any CPU
		{4DB65BC4-18DF-4B5D-B0C1-AD88E5DA3811}.Debug|Any CPU.Build.0 = Debug|Any CPU
		{4DB65BC4-18DF-4B5D-B0C1-AD88E5DA3811}.Release|Any CPU.ActiveCfg = Release|Any CPU
		{4DB65BC4-18DF-4B5D-B0C1-AD88E5DA3811}.Release|Any CPU.Build.0 = Release|Any CPU
	EndGlobalSection
	GlobalSection(SolutionProperties) = preSolution
		HideSolutionNode = FALSE
	EndGlobalSection
	GlobalSection(ExtensibilityGlobals) = postSolution
		SolutionGuid = {D7CDA77E-5096-493D-AB00-70985F95D964}
	EndGlobalSection
EndGlobal
